
Microsoft Visual Studio Solution File, Format Version 12.00
# Visual Studio Version 16
VisualStudioVersion = 16.0.30907.101
MinimumVisualStudioVersion = 10.0.40219.1
Project("{FAE04EC0-301F-11D3-BF4B-00C04F79EFBC}") = "ЛР1", "ЛР1\ЛР1.csproj", "{6AD72244-6853-46CE-9A90-3773E5F8550D}"
EndProject
Global
	GlobalSection(SolutionConfigurationPlatforms) = preSolution
		Debug|Any CPU = Debug|Any CPU
		Release|Any CPU = Release|Any CPU
	EndGlobalSection
	GlobalSection(ProjectConfigurationPlatforms) = postSolution
		{6AD72244-6853-46CE-9A90-3773E5F8550D}.Debug|Any CPU.ActiveCfg = Debug|Any CPU
		{6AD72244-6853-46CE-9A90-3773E5F8550D}.Debug|Any CPU.Build.0 = Debug|Any CPU
		{6AD72244-6853-46CE-9A90-3773E5F8550D}.Release|Any CPU.ActiveCfg = Release|Any CPU
		{6AD72244-6853-46CE-9A90-3773E5F8550D}.Release|Any CPU.Build.0 = Release|Any CPU
	EndGlobalSection
	GlobalSection(SolutionProperties) = preSolution
		HideSolutionNode = FALSE
	EndGlobalSection
	GlobalSection(ExtensibilityGlobals) = postSolution
		SolutionGuid = {10D691EB-D9FD-43E2-B997-4384571AA6B2}
	EndGlobalSection
EndGlobal
